
Microsoft Visual Studio Solution File, Format Version 12.00
# Visual Studio 15
VisualStudioVersion = 15.0.28307.1433
MinimumVisualStudioVersion = 10.0.40219.1
Project("{8BC9CEB8-8B4A-11D0-8D11-00A0C91BC942}") = "QtCuttingStockProblem", "QtCuttingStockProblem\QtCuttingStockProblem.vcxproj", "{D3479EA5-89FC-4500-BEB4-812A725C3765}"
EndProject
Global
	GlobalSection(SolutionConfigurationPlatforms) = preSolution
		Debug|x86 = Debug|x86
		Release|x86 = Release|x86
	EndGlobalSection
	GlobalSection(ProjectConfigurationPlatforms) = postSolution
		{D3479EA5-89FC-4500-BEB4-812A725C3765}.Debug|x86.ActiveCfg = Debug|Win32
		{D3479EA5-89FC-4500-BEB4-812A725C3765}.Debug|x86.Build.0 = Debug|Win32
		{D3479EA5-89FC-4500-BEB4-812A725C3765}.Release|x86.ActiveCfg = Release|Win32
		{D3479EA5-89FC-4500-BEB4-812A725C3765}.Release|x86.Build.0 = Release|Win32
	EndGlobalSection
	GlobalSection(SolutionProperties) = preSolution
		HideSolutionNode = FALSE
	EndGlobalSection
	GlobalSection(ExtensibilityGlobals) = postSolution
		SolutionGuid = {8DAFF6BC-032B-4AA5-A2E1-C25AEF089D56}
	EndGlobalSection
EndGlobal
